
Microsoft Visual Studio Solution File, Format Version 12.00
# Visual Studio 15
VisualStudioVersion = 15.0.27428.2011
MinimumVisualStudioVersion = 10.0.40219.1
Project("{FAE04EC0-301F-11D3-BF4B-00C04F79EFBC}") = "MustacheDotNet", "MustacheDotNet\MustacheDotNet.csproj", "{9F528BAA-592B-4AC1-A1AD-C793008053AC}"
EndProject
Global
	GlobalSection(SolutionConfigurationPlatforms) = preSolution
		Debug|Any CPU = Debug|Any CPU
		Release|Any CPU = Release|Any CPU
	EndGlobalSection
	GlobalSection(ProjectConfigurationPlatforms) = postSolution
		{9F528BAA-592B-4AC1-A1AD-C793008053AC}.Debug|Any CPU.ActiveCfg = Debug|Any CPU
		{9F528BAA-592B-4AC1-A1AD-C793008053AC}.Debug|Any CPU.Build.0 = Debug|Any CPU
		{9F528BAA-592B-4AC1-A1AD-C793008053AC}.Release|Any CPU.ActiveCfg = Release|Any CPU
		{9F528BAA-592B-4AC1-A1AD-C793008053AC}.Release|Any CPU.Build.0 = Release|Any CPU
	EndGlobalSection
	GlobalSection(SolutionProperties) = preSolution
		HideSolutionNode = FALSE
	EndGlobalSection
	GlobalSection(ExtensibilityGlobals) = postSolution
		SolutionGuid = {374DAD48-8FD1-426E-9886-998C0438813A}
	EndGlobalSection
EndGlobal
